// !$*UTF8*$!
{
	archiveVersion = 1;
	classes = {
	};
	objectVersion = 77;
	objects = {

/* Begin PBXBuildFile section */
		00074F68F778AF07545174D3 /* FreeTimeApp.swift in Sources */ = {isa = PBXBuildFile; fileRef = CC6197526E5D4553FA4A734E /* FreeTimeApp.swift */; };
		A7B8C9D0E1F2A3B4C5D6E7F8 /* AppNavigationState.swift in Sources */ = {isa = PBXBuildFile; fileRef = A7B8C9D0E1F2A3B4C5D6E7F9 /* AppNavigationState.swift */; };
		018C790C58BDDB88C19F3803 /* ConvexService.swift in Sources */ = {isa = PBXBuildFile; fileRef = C910863456D9CBC2C4CF6E6E /* ConvexService.swift */; };
		A4B5C6D7E8F90123456789AB /* ConvexRealtimeClient.swift in Sources */ = {isa = PBXBuildFile; fileRef = A4B5C6D7E8F90123456789AC /* ConvexRealtimeClient.swift */; };
		2C7983986A7988D20CF4AF9A /* PrivacyInfo.xcprivacy in Resources */ = {isa = PBXBuildFile; fileRef = 46D068E7B558444DDDF59FEC /* PrivacyInfo.xcprivacy */; };
		4094B7C0077165F358DDD67B /* Assets.xcassets in Resources */ = {isa = PBXBuildFile; fileRef = A9D70559F292DA3E3D33EAD8 /* Assets.xcassets */; };
		576E016C4D94D8B66EB22D7E /* MainTabView.swift in Sources */ = {isa = PBXBuildFile; fileRef = 4404FD99B4D6E383A2063FDD /* MainTabView.swift */; };
		5D69F1703DC73EFD07B19C44 /* AuthService.swift in Sources */ = {isa = PBXBuildFile; fileRef = A6E401DC467440318E6A2B87 /* AuthService.swift */; };
		675504F9E1CEBF59099524A5 /* ScanDetailView.swift in Sources */ = {isa = PBXBuildFile; fileRef = F5D360E4762528815F579E1E /* ScanDetailView.swift */; };
		7CAED787D5FEB22D5FB43A8C /* CachedAsyncImage.swift in Sources */ = {isa = PBXBuildFile; fileRef = 52024E5F2B146E1EEE8DFA0C /* CachedAsyncImage.swift */; };
		94A8D05FCC3D6FBC6986FB3C /* Scan.swift in Sources */ = {isa = PBXBuildFile; fileRef = F6DE599933A0AE725725FD5E /* Scan.swift */; };
		BE1E7A5741B284B4E20ABF93 /* VisionService.swift in Sources */ = {isa = PBXBuildFile; fileRef = 397872C61E4D084B9B91C503 /* VisionService.swift */; };
		BE57D16F95DBBCBA7E923547 /* User.swift in Sources */ = {isa = PBXBuildFile; fileRef = 4A95E9871B8DA4D35925E8B8 /* User.swift */; };
		C324723E3DD095D1EEA339A7 /* ImageCacheService.swift in Sources */ = {isa = PBXBuildFile; fileRef = 8D1F560BF5BC286F3D2EC3B5 /* ImageCacheService.swift */; };
		C5FB78A6368DA628AD313F04 /* ClarificationView.swift in Sources */ = {isa = PBXBuildFile; fileRef = FEADBC78BD616AE746DAE6B5 /* ClarificationView.swift */; };
		D0ED05A6E0ED1E6D80866298 /* LoginView.swift in Sources */ = {isa = PBXBuildFile; fileRef = E4CB0E6FD98E2465903A51E6 /* LoginView.swift */; };
		FB17DCA7A7DFF97C1982F0E7 /* ScanListView.swift in Sources */ = {isa = PBXBuildFile; fileRef = E688C9F8012269D85D230B42 /* ScanListView.swift */; };
		FDCB1A94BE17ED02DD5A98C4 /* CameraView.swift in Sources */ = {isa = PBXBuildFile; fileRef = EFAE0C44E0209D4C95ECD310 /* CameraView.swift */; };
/* End PBXBuildFile section */

/* Begin PBXFileReference section */
		04971C999EC5845CDB9C2627 /* Release.xcconfig */ = {isa = PBXFileReference; lastKnownFileType = text.xcconfig; path = Release.xcconfig; sourceTree = "<group>"; };
		12668D4F30CF0AE9336D09A3 /* Development.local.xcconfig */ = {isa = PBXFileReference; lastKnownFileType = text.xcconfig; path = Development.local.xcconfig; sourceTree = "<group>"; };
		2EDBE211BAF7B5E4566FC7E9 /* FreeTime.entitlements */ = {isa = PBXFileReference; lastKnownFileType = text.plist.entitlements; path = FreeTime.entitlements; sourceTree = "<group>"; };
		397872C61E4D084B9B91C503 /* VisionService.swift */ = {isa = PBXFileReference; lastKnownFileType = sourcecode.swift; path = VisionService.swift; sourceTree = "<group>"; };
		4404FD99B4D6E383A2063FDD /* MainTabView.swift */ = {isa = PBXFileReference; lastKnownFileType = sourcecode.swift; path = MainTabView.swift; sourceTree = "<group>"; };
		46D068E7B558444DDDF59FEC /* PrivacyInfo.xcprivacy */ = {isa = PBXFileReference; path = PrivacyInfo.xcprivacy; sourceTree = "<group>"; };
		4A95E9871B8DA4D35925E8B8 /* User.swift */ = {isa = PBXFileReference; lastKnownFileType = sourcecode.swift; path = User.swift; sourceTree = "<group>"; };
		52024E5F2B146E1EEE8DFA0C /* CachedAsyncImage.swift */ = {isa = PBXFileReference; lastKnownFileType = sourcecode.swift; path = CachedAsyncImage.swift; sourceTree = "<group>"; };
		8D1F560BF5BC286F3D2EC3B5 /* ImageCacheService.swift */ = {isa = PBXFileReference; lastKnownFileType = sourcecode.swift; path = ImageCacheService.swift; sourceTree = "<group>"; };
		9163F1C7563F75C94CC6F886 /* FreeTime.app */ = {isa = PBXFileReference; includeInIndex = 0; lastKnownFileType = wrapper.application; path = FreeTime.app; sourceTree = BUILT_PRODUCTS_DIR; };
		A6E401DC467440318E6A2B87 /* AuthService.swift */ = {isa = PBXFileReference; lastKnownFileType = sourcecode.swift; path = AuthService.swift; sourceTree = "<group>"; };
		A9D70559F292DA3E3D33EAD8 /* Assets.xcassets */ = {isa = PBXFileReference; lastKnownFileType = folder.assetcatalog; path = Assets.xcassets; sourceTree = "<group>"; };
		A7B8C9D0E1F2A3B4C5D6E7F9 /* AppNavigationState.swift */ = {isa = PBXFileReference; lastKnownFileType = sourcecode.swift; path = AppNavigationState.swift; sourceTree = "<group>"; };
		A4B5C6D7E8F90123456789AC /* ConvexRealtimeClient.swift */ = {isa = PBXFileReference; lastKnownFileType = sourcecode.swift; path = ConvexRealtimeClient.swift; sourceTree = "<group>"; };
		C910863456D9CBC2C4CF6E6E /* ConvexService.swift */ = {isa = PBXFileReference; lastKnownFileType = sourcecode.swift; path = ConvexService.swift; sourceTree = "<group>"; };
		CC6197526E5D4553FA4A734E /* FreeTimeApp.swift */ = {isa = PBXFileReference; lastKnownFileType = sourcecode.swift; path = FreeTimeApp.swift; sourceTree = "<group>"; };
		DC98318972295F8445DAE5E4 /* Info.plist */ = {isa = PBXFileReference; lastKnownFileType = text.plist; path = Info.plist; sourceTree = "<group>"; };
		E4CB0E6FD98E2465903A51E6 /* LoginView.swift */ = {isa = PBXFileReference; lastKnownFileType = sourcecode.swift; path = LoginView.swift; sourceTree = "<group>"; };
		E688C9F8012269D85D230B42 /* ScanListView.swift */ = {isa = PBXFileReference; lastKnownFileType = sourcecode.swift; path = ScanListView.swift; sourceTree = "<group>"; };
		EFAE0C44E0209D4C95ECD310 /* CameraView.swift */ = {isa = PBXFileReference; lastKnownFileType = sourcecode.swift; path = CameraView.swift; sourceTree = "<group>"; };
		F5D360E4762528815F579E1E /* ScanDetailView.swift */ = {isa = PBXFileReference; lastKnownFileType = sourcecode.swift; path = ScanDetailView.swift; sourceTree = "<group>"; };
		F6DE599933A0AE725725FD5E /* Scan.swift */ = {isa = PBXFileReference; lastKnownFileType = sourcecode.swift; path = Scan.swift; sourceTree = "<group>"; };
		FEADBC78BD616AE746DAE6B5 /* ClarificationView.swift */ = {isa = PBXFileReference; lastKnownFileType = sourcecode.swift; path = ClarificationView.swift; sourceTree = "<group>"; };
/* End PBXFileReference section */

/* Begin PBXGroup section */
		0029689235421643C7D9E3CB /* Scans */ = {
			isa = PBXGroup;
			children = (
				FEADBC78BD616AE746DAE6B5 /* ClarificationView.swift */,
				F5D360E4762528815F579E1E /* ScanDetailView.swift */,
				E688C9F8012269D85D230B42 /* ScanListView.swift */,
			);
			path = Scans;
			sourceTree = "<group>";
		};
		23874FC8C12F23B46610E433 /* Auth */ = {
			isa = PBXGroup;
			children = (
				E4CB0E6FD98E2465903A51E6 /* LoginView.swift */,
			);
			path = Auth;
			sourceTree = "<group>";
		};
		2F32282CC4C5E9E2A5E4F48F = {
			isa = PBXGroup;
			children = (
				39DBB071B23FDC89B8CA067B /* Config */,
				D0DE567D1EBB405540891247 /* FreeTime */,
				DD367ECF253F9F4B27A066AA /* Products */,
			);
			sourceTree = "<group>";
		};
		39DBB071B23FDC89B8CA067B /* Config */ = {
			isa = PBXGroup;
			children = (
				12668D4F30CF0AE9336D09A3 /* Development.local.xcconfig */,
				04971C999EC5845CDB9C2627 /* Release.xcconfig */,
			);
			path = Config;
			sourceTree = "<group>";
		};
		3E576564D5C5A3A9EFCAC151 /* Views */ = {
			isa = PBXGroup;
			children = (
				52024E5F2B146E1EEE8DFA0C /* CachedAsyncImage.swift */,
			);
			path = Views;
			sourceTree = "<group>";
		};
		64A02E3AADCC09DF1B18B65F /* App */ = {
			isa = PBXGroup;
			children = (
				A7B8C9D0E1F2A3B4C5D6E7F9 /* AppNavigationState.swift */,
				CC6197526E5D4553FA4A734E /* FreeTimeApp.swift */,
			);
			path = App;
			sourceTree = "<group>";
		};
		966934C3C1E224046FEB4611 /* Models */ = {
			isa = PBXGroup;
			children = (
				F6DE599933A0AE725725FD5E /* Scan.swift */,
				4A95E9871B8DA4D35925E8B8 /* User.swift */,
			);
			path = Models;
			sourceTree = "<group>";
		};
		9C0BB72F1724557C5626762F /* Features */ = {
			isa = PBXGroup;
			children = (
				23874FC8C12F23B46610E433 /* Auth */,
				EDAA6A0A2AC0A16AEC18E933 /* Camera */,
				FC24B751561F631EDF04EDF2 /* Main */,
				0029689235421643C7D9E3CB /* Scans */,
			);
			path = Features;
			sourceTree = "<group>";
		};
		B8D6165667C971DFBADCF20B /* Services */ = {
			isa = PBXGroup;
			children = (
				A6E401DC467440318E6A2B87 /* AuthService.swift */,
				A4B5C6D7E8F90123456789AC /* ConvexRealtimeClient.swift */,
				C910863456D9CBC2C4CF6E6E /* ConvexService.swift */,
				8D1F560BF5BC286F3D2EC3B5 /* ImageCacheService.swift */,
				397872C61E4D084B9B91C503 /* VisionService.swift */,
			);
			path = Services;
			sourceTree = "<group>";
		};
		D0DE567D1EBB405540891247 /* FreeTime */ = {
			isa = PBXGroup;
			children = (
				A9D70559F292DA3E3D33EAD8 /* Assets.xcassets */,
				2EDBE211BAF7B5E4566FC7E9 /* FreeTime.entitlements */,
				DC98318972295F8445DAE5E4 /* Info.plist */,
				46D068E7B558444DDDF59FEC /* PrivacyInfo.xcprivacy */,
				64A02E3AADCC09DF1B18B65F /* App */,
				9C0BB72F1724557C5626762F /* Features */,
				966934C3C1E224046FEB4611 /* Models */,
				B8D6165667C971DFBADCF20B /* Services */,
				3E576564D5C5A3A9EFCAC151 /* Views */,
			);
			name = FreeTime;
			path = Sources/FreeTime;
			sourceTree = "<group>";
		};
		DD367ECF253F9F4B27A066AA /* Products */ = {
			isa = PBXGroup;
			children = (
				9163F1C7563F75C94CC6F886 /* FreeTime.app */,
			);
			name = Products;
			sourceTree = "<group>";
		};
		EDAA6A0A2AC0A16AEC18E933 /* Camera */ = {
			isa = PBXGroup;
			children = (
				EFAE0C44E0209D4C95ECD310 /* CameraView.swift */,
			);
			path = Camera;
			sourceTree = "<group>";
		};
		FC24B751561F631EDF04EDF2 /* Main */ = {
			isa = PBXGroup;
			children = (
				4404FD99B4D6E383A2063FDD /* MainTabView.swift */,
			);
			path = Main;
			sourceTree = "<group>";
		};
/* End PBXGroup section */

/* Begin PBXNativeTarget section */
		D9E53ACE14C3EF7F43C3D5A6 /* FreeTime */ = {
			isa = PBXNativeTarget;
			buildConfigurationList = 900C2C32D11F2D32A5C447B3 /* Build configuration list for PBXNativeTarget "FreeTime" */;
			buildPhases = (
				ECA66FC3F4CD693A54C39DE2 /* Sources */,
				14B88D5B94119B183FEF6862 /* Resources */,
			);
			buildRules = (
			);
			dependencies = (
			);
			name = FreeTime;
			packageProductDependencies = (
			);
			productName = FreeTime;
			productReference = 9163F1C7563F75C94CC6F886 /* FreeTime.app */;
			productType = "com.apple.product-type.application";
		};
/* End PBXNativeTarget section */

/* Begin PBXProject section */
		FD35D568C173573EE78674FB /* Project object */ = {
			isa = PBXProject;
			attributes = {
				BuildIndependentTargetsInParallel = YES;
				LastUpgradeCheck = 1500;
				TargetAttributes = {
					D9E53ACE14C3EF7F43C3D5A6 = {
						DevelopmentTeam = "";
						ProvisioningStyle = Automatic;
					};
				};
			};
			buildConfigurationList = 1DFDDFF5B8A198941BDC35CB /* Build configuration list for PBXProject "FreeTime" */;
			compatibilityVersion = "Xcode 14.0";
			developmentRegion = en;
			hasScannedForEncodings = 0;
			knownRegions = (
				Base,
				en,
			);
			mainGroup = 2F32282CC4C5E9E2A5E4F48F;
			minimizedProjectReferenceProxies = 1;
			preferredProjectObjectVersion = 77;
			projectDirPath = "";
			projectRoot = "";
			targets = (
				D9E53ACE14C3EF7F43C3D5A6 /* FreeTime */,
			);
		};
/* End PBXProject section */

/* Begin PBXResourcesBuildPhase section */
		14B88D5B94119B183FEF6862 /* Resources */ = {
			isa = PBXResourcesBuildPhase;
			buildActionMask = 2147483647;
			files = (
				4094B7C0077165F358DDD67B /* Assets.xcassets in Resources */,
				2C7983986A7988D20CF4AF9A /* PrivacyInfo.xcprivacy in Resources */,
			);
			runOnlyForDeploymentPostprocessing = 0;
		};
/* End PBXResourcesBuildPhase section */

/* Begin PBXSourcesBuildPhase section */
		ECA66FC3F4CD693A54C39DE2 /* Sources */ = {
			isa = PBXSourcesBuildPhase;
			buildActionMask = 2147483647;
			files = (
				5D69F1703DC73EFD07B19C44 /* AuthService.swift in Sources */,
				A7B8C9D0E1F2A3B4C5D6E7F8 /* AppNavigationState.swift in Sources */,
				A4B5C6D7E8F90123456789AB /* ConvexRealtimeClient.swift in Sources */,
				7CAED787D5FEB22D5FB43A8C /* CachedAsyncImage.swift in Sources */,
				FDCB1A94BE17ED02DD5A98C4 /* CameraView.swift in Sources */,
				C5FB78A6368DA628AD313F04 /* ClarificationView.swift in Sources */,
				018C790C58BDDB88C19F3803 /* ConvexService.swift in Sources */,
				00074F68F778AF07545174D3 /* FreeTimeApp.swift in Sources */,
				C324723E3DD095D1EEA339A7 /* ImageCacheService.swift in Sources */,
				D0ED05A6E0ED1E6D80866298 /* LoginView.swift in Sources */,
				576E016C4D94D8B66EB22D7E /* MainTabView.swift in Sources */,
				94A8D05FCC3D6FBC6986FB3C /* Scan.swift in Sources */,
				675504F9E1CEBF59099524A5 /* ScanDetailView.swift in Sources */,
				FB17DCA7A7DFF97C1982F0E7 /* ScanListView.swift in Sources */,
				BE57D16F95DBBCBA7E923547 /* User.swift in Sources */,
				BE1E7A5741B284B4E20ABF93 /* VisionService.swift in Sources */,
			);
			runOnlyForDeploymentPostprocessing = 0;
		};
/* End PBXSourcesBuildPhase section */

/* Begin XCBuildConfiguration section */
		6AEB69B0008B2FF17A4BA477 /* Debug */ = {
			isa = XCBuildConfiguration;
			buildSettings = {
				ASSETCATALOG_COMPILER_APPICON_NAME = AppIcon;
				CODE_SIGN_ENTITLEMENTS = Sources/FreeTime/FreeTime.entitlements;
				CODE_SIGN_IDENTITY = "iPhone Developer";
				INFOPLIST_FILE = Sources/FreeTime/Info.plist;
				LD_RUNPATH_SEARCH_PATHS = "$(inherited) @executable_path/Frameworks";
				PRODUCT_BUNDLE_IDENTIFIER = com.ajohnson.freetime;
				SDKROOT = iphoneos;
				SUPPORTS_XR_DESIGNED_FOR_IPHONE_IPAD = NO;
				TARGETED_DEVICE_FAMILY = 1;
			};
			name = Debug;
		};
		87E7E829305E4FFF34D778FB /* Release */ = {
			isa = XCBuildConfiguration;
			buildSettings = {
				ASSETCATALOG_COMPILER_APPICON_NAME = AppIcon;
				CODE_SIGN_ENTITLEMENTS = Sources/FreeTime/FreeTime.entitlements;
				CODE_SIGN_IDENTITY = "iPhone Developer";
				INFOPLIST_FILE = Sources/FreeTime/Info.plist;
				LD_RUNPATH_SEARCH_PATHS = "$(inherited) @executable_path/Frameworks";
				PRODUCT_BUNDLE_IDENTIFIER = com.ajohnson.freetime;
				SDKROOT = iphoneos;
				SUPPORTS_XR_DESIGNED_FOR_IPHONE_IPAD = NO;
				TARGETED_DEVICE_FAMILY = 1;
			};
			name = Release;
		};
		8BA8E17C77B6F1E3C70CDBD5 /* Debug */ = {
			isa = XCBuildConfiguration;
			baseConfigurationReference = 12668D4F30CF0AE9336D09A3 /* Development.local.xcconfig */;
			buildSettings = {
				ALWAYS_SEARCH_USER_PATHS = NO;
				CLANG_ANALYZER_NONNULL = YES;
				CLANG_ANALYZER_NUMBER_OBJECT_CONVERSION = YES_AGGRESSIVE;
				CLANG_CXX_LANGUAGE_STANDARD = "gnu++14";
				CLANG_CXX_LIBRARY = "libc++";
				CLANG_ENABLE_MODULES = YES;
				CLANG_ENABLE_OBJC_ARC = YES;
				CLANG_ENABLE_OBJC_WEAK = YES;
				CLANG_WARN_BLOCK_CAPTURE_AUTORELEASING = YES;
				CLANG_WARN_BOOL_CONVERSION = YES;
				CLANG_WARN_COMMA = YES;
				CLANG_WARN_CONSTANT_CONVERSION = YES;
				CLANG_WARN_DEPRECATED_OBJC_IMPLEMENTATIONS = YES;
				CLANG_WARN_DIRECT_OBJC_ISA_USAGE = YES_ERROR;
				CLANG_WARN_DOCUMENTATION_COMMENTS = YES;
				CLANG_WARN_EMPTY_BODY = YES;
				CLANG_WARN_ENUM_CONVERSION = YES;
				CLANG_WARN_INFINITE_RECURSION = YES;
				CLANG_WARN_INT_CONVERSION = YES;
				CLANG_WARN_NON_LITERAL_NULL_CONVERSION = YES;
				CLANG_WARN_OBJC_IMPLICIT_RETAIN_SELF = YES;
				CLANG_WARN_OBJC_LITERAL_CONVERSION = YES;
				CLANG_WARN_OBJC_ROOT_CLASS = YES_ERROR;
				CLANG_WARN_QUOTED_INCLUDE_IN_FRAMEWORK_HEADER = YES;
				CLANG_WARN_RANGE_LOOP_ANALYSIS = YES;
				CLANG_WARN_STRICT_PROTOTYPES = YES;
				CLANG_WARN_SUSPICIOUS_MOVE = YES;
				CLANG_WARN_UNGUARDED_AVAILABILITY = YES_AGGRESSIVE;
				CLANG_WARN_UNREACHABLE_CODE = YES;
				CLANG_WARN__DUPLICATE_METHOD_MATCH = YES;
				CODE_SIGN_STYLE = Automatic;
				COPY_PHASE_STRIP = NO;
				CURRENT_PROJECT_VERSION = 1;
				DEBUG_INFORMATION_FORMAT = dwarf;
				DEVELOPMENT_TEAM = "";
				ENABLE_STRICT_OBJC_MSGSEND = YES;
				ENABLE_TESTABILITY = YES;
				GCC_C_LANGUAGE_STANDARD = gnu11;
				GCC_DYNAMIC_NO_PIC = NO;
				GCC_NO_COMMON_BLOCKS = YES;
				GCC_OPTIMIZATION_LEVEL = 0;
				GCC_PREPROCESSOR_DEFINITIONS = (
					"$(inherited)",
					"DEBUG=1",
				);
				GCC_WARN_64_TO_32_BIT_CONVERSION = YES;
				GCC_WARN_ABOUT_RETURN_TYPE = YES_ERROR;
				GCC_WARN_UNDECLARED_SELECTOR = YES;
				GCC_WARN_UNINITIALIZED_AUTOS = YES_AGGRESSIVE;
				GCC_WARN_UNUSED_FUNCTION = YES;
				GCC_WARN_UNUSED_VARIABLE = YES;
				INFOPLIST_FILE = Sources/FreeTime/Info.plist;
				IPHONEOS_DEPLOYMENT_TARGET = 17.0;
				MARKETING_VERSION = 0.1.0;
				MTL_ENABLE_DEBUG_INFO = INCLUDE_SOURCE;
				MTL_FAST_MATH = YES;
				ONLY_ACTIVE_ARCH = YES;
				PRODUCT_NAME = "$(TARGET_NAME)";
				SDKROOT = iphoneos;
				SWIFT_ACTIVE_COMPILATION_CONDITIONS = DEBUG;
				SWIFT_OPTIMIZATION_LEVEL = "-Onone";
				SWIFT_VERSION = 5.9;
			};
			name = Debug;
		};
		C096682D3792B4EEC011F823 /* Release */ = {
			isa = XCBuildConfiguration;
			baseConfigurationReference = 04971C999EC5845CDB9C2627 /* Release.xcconfig */;
			buildSettings = {
				ALWAYS_SEARCH_USER_PATHS = NO;
				CLANG_ANALYZER_NONNULL = YES;
				CLANG_ANALYZER_NUMBER_OBJECT_CONVERSION = YES_AGGRESSIVE;
				CLANG_CXX_LANGUAGE_STANDARD = "gnu++14";
				CLANG_CXX_LIBRARY = "libc++";
				CLANG_ENABLE_MODULES = YES;
				CLANG_ENABLE_OBJC_ARC = YES;
				CLANG_ENABLE_OBJC_WEAK = YES;
				CLANG_WARN_BLOCK_CAPTURE_AUTORELEASING = YES;
				CLANG_WARN_BOOL_CONVERSION = YES;
				CLANG_WARN_COMMA = YES;
				CLANG_WARN_CONSTANT_CONVERSION = YES;
				CLANG_WARN_DEPRECATED_OBJC_IMPLEMENTATIONS = YES;
				CLANG_WARN_DIRECT_OBJC_ISA_USAGE = YES_ERROR;
				CLANG_WARN_DOCUMENTATION_COMMENTS = YES;
				CLANG_WARN_EMPTY_BODY = YES;
				CLANG_WARN_ENUM_CONVERSION = YES;
				CLANG_WARN_INFINITE_RECURSION = YES;
				CLANG_WARN_INT_CONVERSION = YES;
				CLANG_WARN_NON_LITERAL_NULL_CONVERSION = YES;
				CLANG_WARN_OBJC_IMPLICIT_RETAIN_SELF = YES;
				CLANG_WARN_OBJC_LITERAL_CONVERSION = YES;
				CLANG_WARN_OBJC_ROOT_CLASS = YES_ERROR;
				CLANG_WARN_QUOTED_INCLUDE_IN_FRAMEWORK_HEADER = YES;
				CLANG_WARN_RANGE_LOOP_ANALYSIS = YES;
				CLANG_WARN_STRICT_PROTOTYPES = YES;
				CLANG_WARN_SUSPICIOUS_MOVE = YES;
				CLANG_WARN_UNGUARDED_AVAILABILITY = YES_AGGRESSIVE;
				CLANG_WARN_UNREACHABLE_CODE = YES;
				CLANG_WARN__DUPLICATE_METHOD_MATCH = YES;
				CODE_SIGN_STYLE = Automatic;
				COPY_PHASE_STRIP = NO;
				CURRENT_PROJECT_VERSION = 1;
				DEVELOPMENT_TEAM = "";
				ENABLE_NS_ASSERTIONS = NO;
				ENABLE_STRICT_OBJC_MSGSEND = YES;
				GCC_C_LANGUAGE_STANDARD = gnu11;
				GCC_NO_COMMON_BLOCKS = YES;
				GCC_WARN_64_TO_32_BIT_CONVERSION = YES;
				GCC_WARN_ABOUT_RETURN_TYPE = YES_ERROR;
				GCC_WARN_UNDECLARED_SELECTOR = YES;
				GCC_WARN_UNINITIALIZED_AUTOS = YES_AGGRESSIVE;
				GCC_WARN_UNUSED_FUNCTION = YES;
				GCC_WARN_UNUSED_VARIABLE = YES;
				INFOPLIST_FILE = Sources/FreeTime/Info.plist;
				IPHONEOS_DEPLOYMENT_TARGET = 17.0;
				MARKETING_VERSION = 0.1.0;
				MTL_ENABLE_DEBUG_INFO = NO;
				MTL_FAST_MATH = YES;
				PRODUCT_NAME = "$(TARGET_NAME)";
				SDKROOT = iphoneos;
				SWIFT_VERSION = 5.9;
			};
			name = Release;
		};
/* End XCBuildConfiguration section */

/* Begin XCConfigurationList section */
		1DFDDFF5B8A198941BDC35CB /* Build configuration list for PBXProject "FreeTime" */ = {
			isa = XCConfigurationList;
			buildConfigurations = (
				8BA8E17C77B6F1E3C70CDBD5 /* Debug */,
				C096682D3792B4EEC011F823 /* Release */,
			);
			defaultConfigurationIsVisible = 0;
			defaultConfigurationName = Debug;
		};
		900C2C32D11F2D32A5C447B3 /* Build configuration list for PBXNativeTarget "FreeTime" */ = {
			isa = XCConfigurationList;
			buildConfigurations = (
				6AEB69B0008B2FF17A4BA477 /* Debug */,
				87E7E829305E4FFF34D778FB /* Release */,
			);
			defaultConfigurationIsVisible = 0;
			defaultConfigurationName = Debug;
		};
/* End XCConfigurationList section */
	};
	rootObject = FD35D568C173573EE78674FB /* Project object */;
}
